
Microsoft Visual Studio Solution File, Format Version 12.00
# Visual Studio Version 17
VisualStudioVersion = 17.10.34607.79
MinimumVisualStudioVersion = 10.0.40219.1
Project("{FAE04EC0-301F-11D3-BF4B-00C04F79EFBC}") = "CompMathLab3", "CompMathLab3\CompMathLab3.csproj", "{CEB110B8-D35D-4AAD-A604-72E2085413A5}"
EndProject
Global
	GlobalSection(SolutionConfigurationPlatforms) = preSolution
		Debug|Any CPU = Debug|Any CPU
		Release|Any CPU = Release|Any CPU
	EndGlobalSection
	GlobalSection(ProjectConfigurationPlatforms) = postSolution
		{CEB110B8-D35D-4AAD-A604-72E2085413A5}.Debug|Any CPU.ActiveCfg = Debug|Any CPU
		{CEB110B8-D35D-4AAD-A604-72E2085413A5}.Debug|Any CPU.Build.0 = Debug|Any CPU
		{CEB110B8-D35D-4AAD-A604-72E2085413A5}.Release|Any CPU.ActiveCfg = Release|Any CPU
		{CEB110B8-D35D-4AAD-A604-72E2085413A5}.Release|Any CPU.Build.0 = Release|Any CPU
	EndGlobalSection
	GlobalSection(SolutionProperties) = preSolution
		HideSolutionNode = FALSE
	EndGlobalSection
	GlobalSection(ExtensibilityGlobals) = postSolution
		SolutionGuid = {79A9D9C0-DFB4-4227-BE4D-5A46B64EA999}
	EndGlobalSection
EndGlobal
